
Microsoft Visual Studio Solution File, Format Version 12.00
# Visual Studio Version 17
VisualStudioVersion = 17.1.32210.238
MinimumVisualStudioVersion = 10.0.40219.1
Project("{2150E333-8FDC-42A3-9474-1A3956D46DE8}") = "Homework", "Homework", "{17AB854D-52EE-48BB-AC1C-020D5B26F65D}"
EndProject
Project("{FAE04EC0-301F-11D3-BF4B-00C04F79EFBC}") = "Lesson1", "Lesson1\Lesson1.csproj", "{47F2B5F3-2FD5-4B81-ADD9-63CE1F0A3061}"
EndProject
Project("{FAE04EC0-301F-11D3-BF4B-00C04F79EFBC}") = "Lesson2", "Lesson2\Lesson2.csproj", "{B6D73D59-158C-4BE7-8EF3-E47F0B13A510}"
EndProject
Global
	GlobalSection(SolutionConfigurationPlatforms) = preSolution
		Debug|Any CPU = Debug|Any CPU
		Release|Any CPU = Release|Any CPU
	EndGlobalSection
	GlobalSection(ProjectConfigurationPlatforms) = postSolution
		{47F2B5F3-2FD5-4B81-ADD9-63CE1F0A3061}.Debug|Any CPU.ActiveCfg = Debug|Any CPU
		{47F2B5F3-2FD5-4B81-ADD9-63CE1F0A3061}.Debug|Any CPU.Build.0 = Debug|Any CPU
		{47F2B5F3-2FD5-4B81-ADD9-63CE1F0A3061}.Release|Any CPU.ActiveCfg = Release|Any CPU
		{47F2B5F3-2FD5-4B81-ADD9-63CE1F0A3061}.Release|Any CPU.Build.0 = Release|Any CPU
		{B6D73D59-158C-4BE7-8EF3-E47F0B13A510}.Debug|Any CPU.ActiveCfg = Debug|Any CPU
		{B6D73D59-158C-4BE7-8EF3-E47F0B13A510}.Debug|Any CPU.Build.0 = Debug|Any CPU
		{B6D73D59-158C-4BE7-8EF3-E47F0B13A510}.Release|Any CPU.ActiveCfg = Release|Any CPU
		{B6D73D59-158C-4BE7-8EF3-E47F0B13A510}.Release|Any CPU.Build.0 = Release|Any CPU
	EndGlobalSection
	GlobalSection(SolutionProperties) = preSolution
		HideSolutionNode = FALSE
	EndGlobalSection
	GlobalSection(NestedProjects) = preSolution
		{47F2B5F3-2FD5-4B81-ADD9-63CE1F0A3061} = {17AB854D-52EE-48BB-AC1C-020D5B26F65D}
		{B6D73D59-158C-4BE7-8EF3-E47F0B13A510} = {17AB854D-52EE-48BB-AC1C-020D5B26F65D}
	EndGlobalSection
	GlobalSection(ExtensibilityGlobals) = postSolution
		SolutionGuid = {6F5E0D37-9097-4276-BC3D-26E392C9517F}
	EndGlobalSection
EndGlobal
